
Microsoft Visual Studio Solution File, Format Version 12.00
# Visual Studio 15
VisualStudioVersion = 15.0.27130.2020
MinimumVisualStudioVersion = 10.0.40219.1
Project("{FAE04EC0-301F-11D3-BF4B-00C04F79EFBC}") = "ClientAceMinimoDesktop", "ClientAceMinimoDesktop\ClientAceMinimoDesktop.csproj", "{AEBEB365-D508-490F-9762-204783098D83}"
EndProject
Global
	GlobalSection(SolutionConfigurationPlatforms) = preSolution
		Debug|Any CPU = Debug|Any CPU
		Release|Any CPU = Release|Any CPU
	EndGlobalSection
	GlobalSection(ProjectConfigurationPlatforms) = postSolution
		{AEBEB365-D508-490F-9762-204783098D83}.Debug|Any CPU.ActiveCfg = Debug|Any CPU
		{AEBEB365-D508-490F-9762-204783098D83}.Debug|Any CPU.Build.0 = Debug|Any CPU
		{AEBEB365-D508-490F-9762-204783098D83}.Release|Any CPU.ActiveCfg = Release|Any CPU
		{AEBEB365-D508-490F-9762-204783098D83}.Release|Any CPU.Build.0 = Release|Any CPU
	EndGlobalSection
	GlobalSection(SolutionProperties) = preSolution
		HideSolutionNode = FALSE
	EndGlobalSection
	GlobalSection(ExtensibilityGlobals) = postSolution
		SolutionGuid = {0AF51000-3564-4E5F-9492-71E4AD01DF89}
	EndGlobalSection
EndGlobal
